
Microsoft Visual Studio Solution File, Format Version 12.00
Project("{FAE04EC0-301F-11D3-BF4B-00C04F79EFBC}") = "TimeClient", "TimeClient.csproj", "{3B074E9C-38CE-48B2-9E70-59654144B41C}"
EndProject
Global
	GlobalSection(SolutionConfigurationPlatforms) = preSolution
		Debug|Any CPU = Debug|Any CPU
		Release|Any CPU = Release|Any CPU
	EndGlobalSection
	GlobalSection(ProjectConfigurationPlatforms) = postSolution
		{3B074E9C-38CE-48B2-9E70-59654144B41C}.Debug|Any CPU.ActiveCfg = Debug|Any CPU
		{3B074E9C-38CE-48B2-9E70-59654144B41C}.Debug|Any CPU.Build.0 = Debug|Any CPU
		{3B074E9C-38CE-48B2-9E70-59654144B41C}.Release|Any CPU.ActiveCfg = Release|Any CPU
		{3B074E9C-38CE-48B2-9E70-59654144B41C}.Release|Any CPU.Build.0 = Release|Any CPU
	EndGlobalSection
EndGlobal
